<?xml version="1.0" encoding="utf-8"?>
<Project ToolsVersion="4.0" xmlns="http://schemas.microsoft.com/developer/msbuild/2003">
  <ItemGroup>
    <Filter Include="Source Files">
      <UniqueIdentifier>{4FC737F1-C7A5-4376-A066-2A32D752A2FF}</UniqueIdentifier>
      <Extensions>cpp;c;cc;cxx;def;odl;idl;hpj;bat;asm;asmx</Extensions>
    </Filter>
    <Filter Include="Header Files">
      <UniqueIdentifier>{93995380-89BD-4b04-88EB-625FBE52EBFB}</UniqueIdentifier>
      <Extensions>h;hpp;hxx;hm;inl;inc;xsd</Extensions>
    </Filter>
    <Filter Include="Resource Files">
      <UniqueIdentifier>{67DA6AB6-F800-4c08-8B7A-83BB121AAD01}</UniqueIdentifier>
      <Extensions>rc;ico;cur;bmp;dlg;rc2;rct;bin;rgs;gif;jpg;jpeg;jpe;resx;tiff;tif;png;wav;mfcribbon-ms</Extensions>
    </Filter>
  </ItemGroup>
  <ItemGroup>
    <ClInclude Include="Common.h">
      <Filter>Header Files</Filter>
    </ClInclude>
    <ClInclude Include="SudaGureum.h">
      <Filter>Header Files</Filter>
    </ClInclude>
    <ClInclude Include="IrcParser.h">
      <Filter>Header Files</Filter>
    </ClInclude>
    <ClInclude Include="IrcClient.h">
      <Filter>Header Files</Filter>
    </ClInclude>
    <ClInclude Include="WebSocketServer.h">
      <Filter>Header Files</Filter>
    </ClInclude>
    <ClInclude Include="Archive.h">
      <Filter>Header Files</Filter>
    </ClInclude>
    <ClInclude Include="WebSocketParser.h">
      <Filter>Header Files</Filter>
    </ClInclude>
    <ClInclude Include="MtIoService.h">
      <Filter>Header Files</Filter>
    </ClInclude>
    <ClInclude Include="Comparator.h">
      <Filter>Header Files</Filter>
    </ClInclude>
    <ClInclude Include="Types.h">
      <Filter>Header Files</Filter>
    </ClInclude>
    <ClInclude Include="Utility.h">
      <Filter>Header Files</Filter>
    </ClInclude>
    <ClInclude Include="EREndian.h">
      <Filter>Header Files</Filter>
    </ClInclude>
    <ClInclude Include="User.h">
      <Filter>Header Files</Filter>
    </ClInclude>
    <ClInclude Include="Configure.h">
      <Filter>Header Files</Filter>
    </ClInclude>
    <ClInclude Include="Singleton.h">
      <Filter>Header Files</Filter>
    </ClInclude>
    <ClInclude Include="Socket.h">
      <Filter>Header Files</Filter>
    </ClInclude>
    <ClInclude Include="Event.h">
      <Filter>Header Files</Filter>
    </ClInclude>
  </ItemGroup>
  <ItemGroup>
    <ClCompile Include="Common.cpp">
      <Filter>Source Files</Filter>
    </ClCompile>
    <ClCompile Include="SudaGureum.cpp">
      <Filter>Source Files</Filter>
    </ClCompile>
    <ClCompile Include="IrcParser.cpp">
      <Filter>Source Files</Filter>
    </ClCompile>
    <ClCompile Include="IrcClient.cpp">
      <Filter>Source Files</Filter>
    </ClCompile>
    <ClCompile Include="WebSocketServer.cpp">
      <Filter>Source Files</Filter>
    </ClCompile>
    <ClCompile Include="Archive.cpp">
      <Filter>Source Files</Filter>
    </ClCompile>
    <ClCompile Include="WebSocketParser.cpp">
      <Filter>Source Files</Filter>
    </ClCompile>
    <ClCompile Include="MtIoService.cpp">
      <Filter>Source Files</Filter>
    </ClCompile>
    <ClCompile Include="Utility.cpp">
      <Filter>Source Files</Filter>
    </ClCompile>
    <ClCompile Include="User.cpp">
      <Filter>Source Files</Filter>
    </ClCompile>
    <ClCompile Include="Configure.cpp">
      <Filter>Source Files</Filter>
    </ClCompile>
    <ClCompile Include="Socket.cpp">
      <Filter>Source Files</Filter>
    </ClCompile>
  </ItemGroup>
  <ItemGroup>
    <None Include="SudaGureum.props" />
    <None Include="SudaGureum.Win32.props" />
    <None Include="SudaGureum.x64.props" />
    <None Include="SudaGureum.Win32.Debug.props" />
    <None Include="SudaGureum.Win32.Release.props" />
    <None Include="SudaGureum.x64.Debug.props" />
    <None Include="SudaGureum.x64.Release.props" />
  </ItemGroup>
</Project>