
Microsoft Visual Studio Solution File, Format Version 12.00
# Visual Studio 14
VisualStudioVersion = 14.0.25420.1
MinimumVisualStudioVersion = 10.0.40219.1
Project("{8BC9CEB8-8B4A-11D0-8D11-00A0C91BC942}") = "SudaGureum", "SudaGureum\SudaGureum.vcxproj", "{B16607EA-BBEA-4E25-853B-ECD733ADA18D}"
	ProjectSection(ProjectDependencies) = postProject
		{C2BF3A1A-303A-45D9-8399-2E702CF36370} = {C2BF3A1A-303A-45D9-8399-2E702CF36370}
		{91F31986-FD5D-4601-8BDC-1CDC8FD113BB} = {91F31986-FD5D-4601-8BDC-1CDC8FD113BB}
		{3E7A43E2-D2C0-4B49-BC93-AC4A4AAFFCA9} = {3E7A43E2-D2C0-4B49-BC93-AC4A4AAFFCA9}
	EndProjectSection
EndProject
Project("{2150E333-8FDC-42A3-9474-1A3956D46DE8}") = "Solution Items", "Solution Items", "{EADE70B2-04E9-4527-A872-FCFBCB6C7285}"
	ProjectSection(SolutionItems) = preProject
		.gitattributes = .gitattributes
		.gitignore = .gitignore
		CMakeLists.txt = CMakeLists.txt
		README.md = README.md
	EndProjectSection
EndProject
Project("{2150E333-8FDC-42A3-9474-1A3956D46DE8}") = "External Wrapper Projects", "External Wrapper Projects", "{85EF702E-F7C5-49A1-952A-2A6AB9AD1D63}"
EndProject
Project("{8BC9CEB8-8B4A-11D0-8D11-00A0C91BC942}") = "scryptcrypto", "External\WrapperProject\scryptcrypto\scryptcrypto.vcxproj", "{3E7A43E2-D2C0-4B49-BC93-AC4A4AAFFCA9}"
EndProject
Project("{8BC9CEB8-8B4A-11D0-8D11-00A0C91BC942}") = "SQLiteCpp", "External\WrapperProject\SQLiteCpp\SQLiteCpp.vcxproj", "{C2BF3A1A-303A-45D9-8399-2E702CF36370}"
EndProject
Project("{8BC9CEB8-8B4A-11D0-8D11-00A0C91BC942}") = "http-parser", "External\WrapperProject\http-parser\http-parser.vcxproj", "{91F31986-FD5D-4601-8BDC-1CDC8FD113BB}"
EndProject
Global
	GlobalSection(SolutionConfigurationPlatforms) = preSolution
		Debug|Win32 = Debug|Win32
		Debug|x64 = Debug|x64
		Release|Win32 = Release|Win32
		Release|x64 = Release|x64
	EndGlobalSection
	GlobalSection(ProjectConfigurationPlatforms) = postSolution
		{B16607EA-BBEA-4E25-853B-ECD733ADA18D}.Debug|Win32.ActiveCfg = Debug|Win32
		{B16607EA-BBEA-4E25-853B-ECD733ADA18D}.Debug|Win32.Build.0 = Debug|Win32
		{B16607EA-BBEA-4E25-853B-ECD733ADA18D}.Debug|x64.ActiveCfg = Debug|x64
		{B16607EA-BBEA-4E25-853B-ECD733ADA18D}.Debug|x64.Build.0 = Debug|x64
		{B16607EA-BBEA-4E25-853B-ECD733ADA18D}.Release|Win32.ActiveCfg = Release|Win32
		{B16607EA-BBEA-4E25-853B-ECD733ADA18D}.Release|Win32.Build.0 = Release|Win32
		{B16607EA-BBEA-4E25-853B-ECD733ADA18D}.Release|x64.ActiveCfg = Release|x64
		{B16607EA-BBEA-4E25-853B-ECD733ADA18D}.Release|x64.Build.0 = Release|x64
		{3E7A43E2-D2C0-4B49-BC93-AC4A4AAFFCA9}.Debug|Win32.ActiveCfg = Debug|Win32
		{3E7A43E2-D2C0-4B49-BC93-AC4A4AAFFCA9}.Debug|Win32.Build.0 = Debug|Win32
		{3E7A43E2-D2C0-4B49-BC93-AC4A4AAFFCA9}.Debug|x64.ActiveCfg = Debug|x64
		{3E7A43E2-D2C0-4B49-BC93-AC4A4AAFFCA9}.Debug|x64.Build.0 = Debug|x64
		{3E7A43E2-D2C0-4B49-BC93-AC4A4AAFFCA9}.Release|Win32.ActiveCfg = Release|Win32
		{3E7A43E2-D2C0-4B49-BC93-AC4A4AAFFCA9}.Release|Win32.Build.0 = Release|Win32
		{3E7A43E2-D2C0-4B49-BC93-AC4A4AAFFCA9}.Release|x64.ActiveCfg = Release|x64
		{3E7A43E2-D2C0-4B49-BC93-AC4A4AAFFCA9}.Release|x64.Build.0 = Release|x64
		{C2BF3A1A-303A-45D9-8399-2E702CF36370}.Debug|Win32.ActiveCfg = Debug|Win32
		{C2BF3A1A-303A-45D9-8399-2E702CF36370}.Debug|Win32.Build.0 = Debug|Win32
		{C2BF3A1A-303A-45D9-8399-2E702CF36370}.Debug|x64.ActiveCfg = Debug|x64
		{C2BF3A1A-303A-45D9-8399-2E702CF36370}.Debug|x64.Build.0 = Debug|x64
		{C2BF3A1A-303A-45D9-8399-2E702CF36370}.Release|Win32.ActiveCfg = Release|Win32
		{C2BF3A1A-303A-45D9-8399-2E702CF36370}.Release|Win32.Build.0 = Release|Win32
		{C2BF3A1A-303A-45D9-8399-2E702CF36370}.Release|x64.ActiveCfg = Release|x64
		{C2BF3A1A-303A-45D9-8399-2E702CF36370}.Release|x64.Build.0 = Release|x64
		{91F31986-FD5D-4601-8BDC-1CDC8FD113BB}.Debug|Win32.ActiveCfg = Debug|Win32
		{91F31986-FD5D-4601-8BDC-1CDC8FD113BB}.Debug|Win32.Build.0 = Debug|Win32
		{91F31986-FD5D-4601-8BDC-1CDC8FD113BB}.Debug|x64.ActiveCfg = Debug|x64
		{91F31986-FD5D-4601-8BDC-1CDC8FD113BB}.Debug|x64.Build.0 = Debug|x64
		{91F31986-FD5D-4601-8BDC-1CDC8FD113BB}.Release|Win32.ActiveCfg = Release|Win32
		{91F31986-FD5D-4601-8BDC-1CDC8FD113BB}.Release|Win32.Build.0 = Release|Win32
		{91F31986-FD5D-4601-8BDC-1CDC8FD113BB}.Release|x64.ActiveCfg = Release|x64
		{91F31986-FD5D-4601-8BDC-1CDC8FD113BB}.Release|x64.Build.0 = Release|x64
	EndGlobalSection
	GlobalSection(SolutionProperties) = preSolution
		HideSolutionNode = FALSE
	EndGlobalSection
	GlobalSection(NestedProjects) = preSolution
		{3E7A43E2-D2C0-4B49-BC93-AC4A4AAFFCA9} = {85EF702E-F7C5-49A1-952A-2A6AB9AD1D63}
		{C2BF3A1A-303A-45D9-8399-2E702CF36370} = {85EF702E-F7C5-49A1-952A-2A6AB9AD1D63}
		{91F31986-FD5D-4601-8BDC-1CDC8FD113BB} = {85EF702E-F7C5-49A1-952A-2A6AB9AD1D63}
	EndGlobalSection
EndGlobal
